
Microsoft Visual Studio Solution File, Format Version 12.00
# Visual Studio 2012
Project("{FAE04EC0-301F-11D3-BF4B-00C04F79EFBC}") = "RayaWSoffara", "RayaWSoffara\RayaWSoffara.csproj", "{5E12D44F-6F8F-423C-A77F-B83E4C9684CE}"
EndProject
Project("{2150E333-8FDC-42A3-9474-1A3956D46DE8}") = "Websites", "Websites", "{CEA82D57-0892-4D88-AB9C-235827BD71EB}"
EndProject
Project("{2150E333-8FDC-42A3-9474-1A3956D46DE8}") = "Data", "Data", "{53B5E511-6242-41FE-B184-E934D37A64B0}"
EndProject
Project("{FAE04EC0-301F-11D3-BF4B-00C04F79EFBC}") = "RWSDataLayer", "RWSDataLayer\RWSDataLayer.csproj", "{60FDA06A-265B-45D0-9404-87097EF1D801}"
EndProject
Project("{FAE04EC0-301F-11D3-BF4B-00C04F79EFBC}") = "RWSInfrastructure", "Infrastructure\RWSInfrastructure.csproj", "{98A31011-002C-4720-8DD1-8BCE28277909}"
EndProject
Global
	GlobalSection(SolutionConfigurationPlatforms) = preSolution
		Debug|Any CPU = Debug|Any CPU
		Release|Any CPU = Release|Any CPU
	EndGlobalSection
	GlobalSection(ProjectConfigurationPlatforms) = postSolution
		{5E12D44F-6F8F-423C-A77F-B83E4C9684CE}.Debug|Any CPU.ActiveCfg = Debug|Any CPU
		{5E12D44F-6F8F-423C-A77F-B83E4C9684CE}.Debug|Any CPU.Build.0 = Debug|Any CPU
		{5E12D44F-6F8F-423C-A77F-B83E4C9684CE}.Release|Any CPU.ActiveCfg = Release|Any CPU
		{5E12D44F-6F8F-423C-A77F-B83E4C9684CE}.Release|Any CPU.Build.0 = Release|Any CPU
		{60FDA06A-265B-45D0-9404-87097EF1D801}.Debug|Any CPU.ActiveCfg = Debug|Any CPU
		{60FDA06A-265B-45D0-9404-87097EF1D801}.Debug|Any CPU.Build.0 = Debug|Any CPU
		{60FDA06A-265B-45D0-9404-87097EF1D801}.Release|Any CPU.ActiveCfg = Release|Any CPU
		{60FDA06A-265B-45D0-9404-87097EF1D801}.Release|Any CPU.Build.0 = Release|Any CPU
		{98A31011-002C-4720-8DD1-8BCE28277909}.Debug|Any CPU.ActiveCfg = Debug|Any CPU
		{98A31011-002C-4720-8DD1-8BCE28277909}.Debug|Any CPU.Build.0 = Debug|Any CPU
		{98A31011-002C-4720-8DD1-8BCE28277909}.Release|Any CPU.ActiveCfg = Release|Any CPU
		{98A31011-002C-4720-8DD1-8BCE28277909}.Release|Any CPU.Build.0 = Release|Any CPU
	EndGlobalSection
	GlobalSection(SolutionProperties) = preSolution
		HideSolutionNode = FALSE
	EndGlobalSection
	GlobalSection(NestedProjects) = preSolution
		{5E12D44F-6F8F-423C-A77F-B83E4C9684CE} = {CEA82D57-0892-4D88-AB9C-235827BD71EB}
		{60FDA06A-265B-45D0-9404-87097EF1D801} = {53B5E511-6242-41FE-B184-E934D37A64B0}
		{98A31011-002C-4720-8DD1-8BCE28277909} = {53B5E511-6242-41FE-B184-E934D37A64B0}
	EndGlobalSection
EndGlobal
